
Microsoft Visual Studio Solution File, Format Version 12.00
# Visual Studio Version 17
VisualStudioVersion = 17.0.31903.59
MinimumVisualStudioVersion = 10.0.40219.1
Project("{2150E333-8FDC-42A3-9474-1A3956D46DE8}") = "src", "src", "{827E0CD3-B72D-47B6-A68D-7590B98EB39B}"
EndProject
Project("{FAE04EC0-301F-11D3-BF4B-00C04F79EFBC}") = "Loopai.CloudApi", "src\Loopai.CloudApi\Loopai.CloudApi.csproj", "{0A46DAC9-2BE6-4488-B96A-3CB493614D49}"
EndProject
Project("{FAE04EC0-301F-11D3-BF4B-00C04F79EFBC}") = "Loopai.Core", "src\Loopai.Core\Loopai.Core.csproj", "{C485DA8E-A71A-478E-AE5D-041DAA6AF0BE}"
EndProject
Project("{2150E333-8FDC-42A3-9474-1A3956D46DE8}") = "tests", "tests", "{0AB3BF05-4346-4AA6-1389-037BE0695223}"
EndProject
Project("{FAE04EC0-301F-11D3-BF4B-00C04F79EFBC}") = "Loopai.CloudApi.Tests", "tests\Loopai.CloudApi.Tests\Loopai.CloudApi.Tests.csproj", "{54B75043-4504-431E-ACAF-0168212A0C93}"
EndProject
Project("{FAE04EC0-301F-11D3-BF4B-00C04F79EFBC}") = "Loopai.Client", "src\Loopai.Client\Loopai.Client.csproj", "{8D8CCD77-0A32-4DCA-8934-C13FF92E06D5}"
EndProject
Project("{FAE04EC0-301F-11D3-BF4B-00C04F79EFBC}") = "Loopai.Core.Tests", "tests\Loopai.Core.Tests\Loopai.Core.Tests.csproj", "{2277456F-52D5-415F-8DF7-78211C3DD921}"
EndProject
Global
	GlobalSection(SolutionConfigurationPlatforms) = preSolution
		Debug|Any CPU = Debug|Any CPU
		Debug|x64 = Debug|x64
		Debug|x86 = Debug|x86
		Release|Any CPU = Release|Any CPU
		Release|x64 = Release|x64
		Release|x86 = Release|x86
	EndGlobalSection
	GlobalSection(ProjectConfigurationPlatforms) = postSolution
		{0A46DAC9-2BE6-4488-B96A-3CB493614D49}.Debug|Any CPU.ActiveCfg = Debug|Any CPU
		{0A46DAC9-2BE6-4488-B96A-3CB493614D49}.Debug|Any CPU.Build.0 = Debug|Any CPU
		{0A46DAC9-2BE6-4488-B96A-3CB493614D49}.Debug|x64.ActiveCfg = Debug|Any CPU
		{0A46DAC9-2BE6-4488-B96A-3CB493614D49}.Debug|x64.Build.0 = Debug|Any CPU
		{0A46DAC9-2BE6-4488-B96A-3CB493614D49}.Debug|x86.ActiveCfg = Debug|Any CPU
		{0A46DAC9-2BE6-4488-B96A-3CB493614D49}.Debug|x86.Build.0 = Debug|Any CPU
		{0A46DAC9-2BE6-4488-B96A-3CB493614D49}.Release|Any CPU.ActiveCfg = Release|Any CPU
		{0A46DAC9-2BE6-4488-B96A-3CB493614D49}.Release|Any CPU.Build.0 = Release|Any CPU
		{0A46DAC9-2BE6-4488-B96A-3CB493614D49}.Release|x64.ActiveCfg = Release|Any CPU
		{0A46DAC9-2BE6-4488-B96A-3CB493614D49}.Release|x64.Build.0 = Release|Any CPU
		{0A46DAC9-2BE6-4488-B96A-3CB493614D49}.Release|x86.ActiveCfg = Release|Any CPU
		{0A46DAC9-2BE6-4488-B96A-3CB493614D49}.Release|x86.Build.0 = Release|Any CPU
		{C485DA8E-A71A-478E-AE5D-041DAA6AF0BE}.Debug|Any CPU.ActiveCfg = Debug|Any CPU
		{C485DA8E-A71A-478E-AE5D-041DAA6AF0BE}.Debug|Any CPU.Build.0 = Debug|Any CPU
		{C485DA8E-A71A-478E-AE5D-041DAA6AF0BE}.Debug|x64.ActiveCfg = Debug|Any CPU
		{C485DA8E-A71A-478E-AE5D-041DAA6AF0BE}.Debug|x64.Build.0 = Debug|Any CPU
		{C485DA8E-A71A-478E-AE5D-041DAA6AF0BE}.Debug|x86.ActiveCfg = Debug|Any CPU
		{C485DA8E-A71A-478E-AE5D-041DAA6AF0BE}.Debug|x86.Build.0 = Debug|Any CPU
		{C485DA8E-A71A-478E-AE5D-041DAA6AF0BE}.Release|Any CPU.ActiveCfg = Release|Any CPU
		{C485DA8E-A71A-478E-AE5D-041DAA6AF0BE}.Release|Any CPU.Build.0 = Release|Any CPU
		{C485DA8E-A71A-478E-AE5D-041DAA6AF0BE}.Release|x64.ActiveCfg = Release|Any CPU
		{C485DA8E-A71A-478E-AE5D-041DAA6AF0BE}.Release|x64.Build.0 = Release|Any CPU
		{C485DA8E-A71A-478E-AE5D-041DAA6AF0BE}.Release|x86.ActiveCfg = Release|Any CPU
		{C485DA8E-A71A-478E-AE5D-041DAA6AF0BE}.Release|x86.Build.0 = Release|Any CPU
		{54B75043-4504-431E-ACAF-0168212A0C93}.Debug|Any CPU.ActiveCfg = Debug|Any CPU
		{54B75043-4504-431E-ACAF-0168212A0C93}.Debug|Any CPU.Build.0 = Debug|Any CPU
		{54B75043-4504-431E-ACAF-0168212A0C93}.Debug|x64.ActiveCfg = Debug|Any CPU
		{54B75043-4504-431E-ACAF-0168212A0C93}.Debug|x64.Build.0 = Debug|Any CPU
		{54B75043-4504-431E-ACAF-0168212A0C93}.Debug|x86.ActiveCfg = Debug|Any CPU
		{54B75043-4504-431E-ACAF-0168212A0C93}.Debug|x86.Build.0 = Debug|Any CPU
		{54B75043-4504-431E-ACAF-0168212A0C93}.Release|Any CPU.ActiveCfg = Release|Any CPU
		{54B75043-4504-431E-ACAF-0168212A0C93}.Release|Any CPU.Build.0 = Release|Any CPU
		{54B75043-4504-431E-ACAF-0168212A0C93}.Release|x64.ActiveCfg = Release|Any CPU
		{54B75043-4504-431E-ACAF-0168212A0C93}.Release|x64.Build.0 = Release|Any CPU
		{54B75043-4504-431E-ACAF-0168212A0C93}.Release|x86.ActiveCfg = Release|Any CPU
		{54B75043-4504-431E-ACAF-0168212A0C93}.Release|x86.Build.0 = Release|Any CPU
		{8D8CCD77-0A32-4DCA-8934-C13FF92E06D5}.Debug|Any CPU.ActiveCfg = Debug|Any CPU
		{8D8CCD77-0A32-4DCA-8934-C13FF92E06D5}.Debug|Any CPU.Build.0 = Debug|Any CPU
		{8D8CCD77-0A32-4DCA-8934-C13FF92E06D5}.Debug|x64.ActiveCfg = Debug|Any CPU
		{8D8CCD77-0A32-4DCA-8934-C13FF92E06D5}.Debug|x64.Build.0 = Debug|Any CPU
		{8D8CCD77-0A32-4DCA-8934-C13FF92E06D5}.Debug|x86.ActiveCfg = Debug|Any CPU
		{8D8CCD77-0A32-4DCA-8934-C13FF92E06D5}.Debug|x86.Build.0 = Debug|Any CPU
		{8D8CCD77-0A32-4DCA-8934-C13FF92E06D5}.Release|Any CPU.ActiveCfg = Release|Any CPU
		{8D8CCD77-0A32-4DCA-8934-C13FF92E06D5}.Release|Any CPU.Build.0 = Release|Any CPU
		{8D8CCD77-0A32-4DCA-8934-C13FF92E06D5}.Release|x64.ActiveCfg = Release|Any CPU
		{8D8CCD77-0A32-4DCA-8934-C13FF92E06D5}.Release|x64.Build.0 = Release|Any CPU
		{8D8CCD77-0A32-4DCA-8934-C13FF92E06D5}.Release|x86.ActiveCfg = Release|Any CPU
		{8D8CCD77-0A32-4DCA-8934-C13FF92E06D5}.Release|x86.Build.0 = Release|Any CPU
		{2277456F-52D5-415F-8DF7-78211C3DD921}.Debug|Any CPU.ActiveCfg = Debug|Any CPU
		{2277456F-52D5-415F-8DF7-78211C3DD921}.Debug|Any CPU.Build.0 = Debug|Any CPU
		{2277456F-52D5-415F-8DF7-78211C3DD921}.Debug|x64.ActiveCfg = Debug|Any CPU
		{2277456F-52D5-415F-8DF7-78211C3DD921}.Debug|x64.Build.0 = Debug|Any CPU
		{2277456F-52D5-415F-8DF7-78211C3DD921}.Debug|x86.ActiveCfg = Debug|Any CPU
		{2277456F-52D5-415F-8DF7-78211C3DD921}.Debug|x86.Build.0 = Debug|Any CPU
		{2277456F-52D5-415F-8DF7-78211C3DD921}.Release|Any CPU.ActiveCfg = Release|Any CPU
		{2277456F-52D5-415F-8DF7-78211C3DD921}.Release|Any CPU.Build.0 = Release|Any CPU
		{2277456F-52D5-415F-8DF7-78211C3DD921}.Release|x64.ActiveCfg = Release|Any CPU
		{2277456F-52D5-415F-8DF7-78211C3DD921}.Release|x64.Build.0 = Release|Any CPU
		{2277456F-52D5-415F-8DF7-78211C3DD921}.Release|x86.ActiveCfg = Release|Any CPU
		{2277456F-52D5-415F-8DF7-78211C3DD921}.Release|x86.Build.0 = Release|Any CPU
	EndGlobalSection
	GlobalSection(SolutionProperties) = preSolution
		HideSolutionNode = FALSE
	EndGlobalSection
	GlobalSection(NestedProjects) = preSolution
		{0A46DAC9-2BE6-4488-B96A-3CB493614D49} = {827E0CD3-B72D-47B6-A68D-7590B98EB39B}
		{C485DA8E-A71A-478E-AE5D-041DAA6AF0BE} = {827E0CD3-B72D-47B6-A68D-7590B98EB39B}
		{54B75043-4504-431E-ACAF-0168212A0C93} = {0AB3BF05-4346-4AA6-1389-037BE0695223}
		{8D8CCD77-0A32-4DCA-8934-C13FF92E06D5} = {827E0CD3-B72D-47B6-A68D-7590B98EB39B}
		{2277456F-52D5-415F-8DF7-78211C3DD921} = {0AB3BF05-4346-4AA6-1389-037BE0695223}
	EndGlobalSection
EndGlobal
